
Microsoft Visual Studio Solution File, Format Version 12.00
# Visual Studio Version 17
VisualStudioVersion = 17.2.32630.192
MinimumVisualStudioVersion = 10.0.40219.1
Project("{FAE04EC0-301F-11D3-BF4B-00C04F79EFBC}") = "CircularBuffer exercism.io", "CircularBuffer exercism.io\CircularBuffer exercism.io.csproj", "{A3288A4E-DAC2-4042-8146-77AC095F532F}"
EndProject
Global
	GlobalSection(SolutionConfigurationPlatforms) = preSolution
		Debug|Any CPU = Debug|Any CPU
		Release|Any CPU = Release|Any CPU
	EndGlobalSection
	GlobalSection(ProjectConfigurationPlatforms) = postSolution
		{A3288A4E-DAC2-4042-8146-77AC095F532F}.Debug|Any CPU.ActiveCfg = Debug|Any CPU
		{A3288A4E-DAC2-4042-8146-77AC095F532F}.Debug|Any CPU.Build.0 = Debug|Any CPU
		{A3288A4E-DAC2-4042-8146-77AC095F532F}.Release|Any CPU.ActiveCfg = Release|Any CPU
		{A3288A4E-DAC2-4042-8146-77AC095F532F}.Release|Any CPU.Build.0 = Release|Any CPU
	EndGlobalSection
	GlobalSection(SolutionProperties) = preSolution
		HideSolutionNode = FALSE
	EndGlobalSection
	GlobalSection(ExtensibilityGlobals) = postSolution
		SolutionGuid = {DF6FBFC0-69DF-4EEF-9627-4724DFBDECED}
	EndGlobalSection
EndGlobal
